
Microsoft Visual Studio Solution File, Format Version 12.00
# Visual Studio Version 17
VisualStudioVersion = 17.12.35527.113
MinimumVisualStudioVersion = 10.0.40219.1
Project("{8BC9CEB8-8B4A-11D0-8D11-00A0C91BC942}") = "NumGuesser", "NumGuesser\NumGuesser.vcxproj", "{E2D453DA-21E9-40BB-9D2B-C5221AA220BB}"
EndProject
Project("{8BC9CEB8-8B4A-11D0-8D11-00A0C91BC942}") = "JadenTests", "JadenTests\JadenTests.vcxproj", "{85AEC6EB-EF96-C878-953B-CD1965667394}"
EndProject
Global
	GlobalSection(SolutionConfigurationPlatforms) = preSolution
		Debug|x64 = Debug|x64
		Debug|x86 = Debug|x86
		Release|x64 = Release|x64
		Release|x86 = Release|x86
	EndGlobalSection
	GlobalSection(ProjectConfigurationPlatforms) = postSolution
		{E2D453DA-21E9-40BB-9D2B-C5221AA220BB}.Debug|x64.ActiveCfg = Debug|x64
		{E2D453DA-21E9-40BB-9D2B-C5221AA220BB}.Debug|x64.Build.0 = Debug|x64
		{E2D453DA-21E9-40BB-9D2B-C5221AA220BB}.Debug|x86.ActiveCfg = Debug|Win32
		{E2D453DA-21E9-40BB-9D2B-C5221AA220BB}.Debug|x86.Build.0 = Debug|Win32
		{E2D453DA-21E9-40BB-9D2B-C5221AA220BB}.Release|x64.ActiveCfg = Release|x64
		{E2D453DA-21E9-40BB-9D2B-C5221AA220BB}.Release|x64.Build.0 = Release|x64
		{E2D453DA-21E9-40BB-9D2B-C5221AA220BB}.Release|x86.ActiveCfg = Release|Win32
		{E2D453DA-21E9-40BB-9D2B-C5221AA220BB}.Release|x86.Build.0 = Release|Win32
		{85AEC6EB-EF96-C878-953B-CD1965667394}.Debug|x64.ActiveCfg = Debug|x64
		{85AEC6EB-EF96-C878-953B-CD1965667394}.Debug|x64.Build.0 = Debug|x64
		{85AEC6EB-EF96-C878-953B-CD1965667394}.Debug|x86.ActiveCfg = Debug|Win32
		{85AEC6EB-EF96-C878-953B-CD1965667394}.Debug|x86.Build.0 = Debug|Win32
		{85AEC6EB-EF96-C878-953B-CD1965667394}.Release|x64.ActiveCfg = Release|x64
		{85AEC6EB-EF96-C878-953B-CD1965667394}.Release|x64.Build.0 = Release|x64
		{85AEC6EB-EF96-C878-953B-CD1965667394}.Release|x86.ActiveCfg = Release|Win32
		{85AEC6EB-EF96-C878-953B-CD1965667394}.Release|x86.Build.0 = Release|Win32
	EndGlobalSection
	GlobalSection(SolutionProperties) = preSolution
		HideSolutionNode = FALSE
	EndGlobalSection
	GlobalSection(ExtensibilityGlobals) = postSolution
		SolutionGuid = {03862B2C-4185-462D-99E9-D0AF56DF4838}
	EndGlobalSection
EndGlobal
